
Microsoft Visual Studio Solution File, Format Version 12.00
Project("{FAE04EC0-301F-11D3-BF4B-00C04F79EFBC}") = "server", "server.csproj", "{6DFCC89C-EC05-496D-BA0A-BD9C3B047548}"
EndProject
Project("{FAE04EC0-301F-11D3-BF4B-00C04F79EFBC}") = "TcpClient", "..\TcpClient\TcpClient\TcpClient.csproj", "{2FD59AA9-3A6E-4E00-8937-A56E71CE6EEF}"
EndProject
Global
	GlobalSection(SolutionConfigurationPlatforms) = preSolution
		Debug|Any CPU = Debug|Any CPU
		Release|Any CPU = Release|Any CPU
	EndGlobalSection
	GlobalSection(ProjectConfigurationPlatforms) = postSolution
		{6DFCC89C-EC05-496D-BA0A-BD9C3B047548}.Debug|Any CPU.ActiveCfg = Debug|Any CPU
		{6DFCC89C-EC05-496D-BA0A-BD9C3B047548}.Debug|Any CPU.Build.0 = Debug|Any CPU
		{6DFCC89C-EC05-496D-BA0A-BD9C3B047548}.Release|Any CPU.ActiveCfg = Release|Any CPU
		{6DFCC89C-EC05-496D-BA0A-BD9C3B047548}.Release|Any CPU.Build.0 = Release|Any CPU
		{2FD59AA9-3A6E-4E00-8937-A56E71CE6EEF}.Debug|Any CPU.ActiveCfg = Debug|Any CPU
		{2FD59AA9-3A6E-4E00-8937-A56E71CE6EEF}.Debug|Any CPU.Build.0 = Debug|Any CPU
		{2FD59AA9-3A6E-4E00-8937-A56E71CE6EEF}.Release|Any CPU.ActiveCfg = Release|Any CPU
		{2FD59AA9-3A6E-4E00-8937-A56E71CE6EEF}.Release|Any CPU.Build.0 = Release|Any CPU
	EndGlobalSection
EndGlobal
